github.com/aohorodnyk/lanyon-hugo v0.1.0 h1:D7Jb2/WXT/defgoYVariAU+raZRvziojfOTMcTtL39A=
github.com/aohorodnyk/lanyon-hugo v0.1.0/go.mod h1:X35ihqGMi7Z0oIsK01OMPmWNceZpvWoZ/0SD9fVv05g=
github.com/aohorodnyk/lanyon-hugo v0.1.1 h1:GZEVMwBj33Dx78uCF3lAOLbNtqp0Kuu9nxdrgd5d6qE=
github.com/aohorodnyk/lanyon-hugo v0.1.1/go.mod h1:X35ihqGMi7Z0oIsK01OMPmWNceZpvWoZ/0SD9fVv05g=
